{
 "graph_lock": {
  "nodes": {
   "0": {
    "options": "zlib:fPIC=True\nzlib:shared=False",
    "requires": [
     "1"
    ],
    "build_requires": [
     "3"
    ],
    "path": "conanfile.txt",
    "context": "host"
   },
   "1": {
    "ref": "emsdk-demo-pkg/0.1",
    "options": "zlib:fPIC=True\nzlib:shared=False",
    "package_id": "435eb98fc958d31ee0d4b24dfea958a386fd922c",
    "prev": "0",
    "requires": [
     "2"
    ],
    "context": "host"
   },
   "2": {
    "ref": "zlib/1.2.11",
    "options": "fPIC=True\nshared=False",
    "package_id": "ed3213b5dc34976234aa8a4a92e51a91cf5f8751",
    "prev": "0",
    "context": "host"
   },
   "3": {
    "ref": "emsdk/3.1.23",
    "options": "",
    "package_id": "2880313eadc30db92089af7733fe8364772ee5c8",
    "prev": "0",
    "requires": [
     "4"
    ],
    "context": "build"
   },
   "4": {
    "ref": "nodejs/16.3.0",
    "options": "",
    "package_id": "4db1be536558d833e52e862fd84d64d75c2b3656",
    "prev": "0",
    "context": "build"
   }
  },
  "revisions_enabled": false
 },
 "version": "0.4",
 "profile_host": "[settings]\narch=wasm\nbuild_type=Release\ncompiler=clang\ncompiler.version=14\nos=Emscripten\n[options]\n[build_requires]\n*: emsdk/3.1.23\n[env]\n",
 "profile_build": "[settings]\narch=x86_64\narch_build=x86_64\nbuild_type=Release\ncompiler=gcc\ncompiler.libcxx=libstdc++11\ncompiler.version=11\nos=Linux\nos_build=Linux\n[options]\n[build_requires]\n[env]\n"
}